<Solution>
  <Folder Name="/Solution Items/">
    <File Path="Index.html" />
    <File Path="Script3.js" />
    <File Path="StyleSheet3.css" />
    <File Path="Tabel.html" />
    <File Path="TweePutten.html" />
    <File Path="Kruising.html" />
    <File Path="InSerie.html" />
    <File Path="HohAfstand.html" />
  </Folder>
</Solution>
